
Microsoft Visual Studio Solution File, Format Version 12.00
# Visual Studio 15
VisualStudioVersion = 15.0.26430.16
MinimumVisualStudioVersion = 10.0.40219.1
Project("{9A19103F-16F7-4668-BE54-9A1E7A4F7556}") = "HalloDatenbank", "HalloDatenbank\HalloDatenbank.csproj", "{17F117D1-606F-4E61-97EA-893DA0B0D8AF}"
EndProject
Project("{9A19103F-16F7-4668-BE54-9A1E7A4F7556}") = "DbIndependent", "DbIndependent\DbIndependent.csproj", "{7591322E-52E9-42E2-AE69-2B871071FF0E}"
EndProject
Project("{9A19103F-16F7-4668-BE54-9A1E7A4F7556}") = "HalloTransactions", "HalloTransactions\HalloTransactions.csproj", "{C2DD3EC6-DD6D-4A49-AEF0-DC3CD967F6D7}"
EndProject
Project("{9A19103F-16F7-4668-BE54-9A1E7A4F7556}") = "DelegateExample", "DelegateExample\DelegateExample.csproj", "{9A7B4D09-DE4A-4E14-B611-1924DD5F8DB7}"
EndProject
Project("{9A19103F-16F7-4668-BE54-9A1E7A4F7556}") = "DelegatesInPraxis", "DelegatesInPraxis\DelegatesInPraxis.csproj", "{DB78353E-0C14-4585-92F2-F07A1047C5A3}"
EndProject
Project("{FAE04EC0-301F-11D3-BF4B-00C04F79EFBC}") = "HalloLinq", "HalloLinq\HalloLinq.csproj", "{23D280DC-A81C-4CE9-9B37-F94C7C366E55}"
EndProject
Project("{FAE04EC0-301F-11D3-BF4B-00C04F79EFBC}") = "ByByDataSet", "ByByDataSet\ByByDataSet.csproj", "{0DB5201D-9F30-43B1-8B6F-B10220769E61}"
EndProject
Project("{FAE04EC0-301F-11D3-BF4B-00C04F79EFBC}") = "HalloLinqToSql", "HalloLinqToSql\HalloLinqToSql.csproj", "{360C1BB3-0C22-4EF1-8234-B6C8D784396C}"
EndProject
Global
	GlobalSection(SolutionConfigurationPlatforms) = preSolution
		Debug|Any CPU = Debug|Any CPU
		Release|Any CPU = Release|Any CPU
	EndGlobalSection
	GlobalSection(ProjectConfigurationPlatforms) = postSolution
		{17F117D1-606F-4E61-97EA-893DA0B0D8AF}.Debug|Any CPU.ActiveCfg = Debug|Any CPU
		{17F117D1-606F-4E61-97EA-893DA0B0D8AF}.Debug|Any CPU.Build.0 = Debug|Any CPU
		{17F117D1-606F-4E61-97EA-893DA0B0D8AF}.Release|Any CPU.ActiveCfg = Release|Any CPU
		{17F117D1-606F-4E61-97EA-893DA0B0D8AF}.Release|Any CPU.Build.0 = Release|Any CPU
		{7591322E-52E9-42E2-AE69-2B871071FF0E}.Debug|Any CPU.ActiveCfg = Debug|Any CPU
		{7591322E-52E9-42E2-AE69-2B871071FF0E}.Debug|Any CPU.Build.0 = Debug|Any CPU
		{7591322E-52E9-42E2-AE69-2B871071FF0E}.Release|Any CPU.ActiveCfg = Release|Any CPU
		{7591322E-52E9-42E2-AE69-2B871071FF0E}.Release|Any CPU.Build.0 = Release|Any CPU
		{C2DD3EC6-DD6D-4A49-AEF0-DC3CD967F6D7}.Debug|Any CPU.ActiveCfg = Debug|Any CPU
		{C2DD3EC6-DD6D-4A49-AEF0-DC3CD967F6D7}.Debug|Any CPU.Build.0 = Debug|Any CPU
		{C2DD3EC6-DD6D-4A49-AEF0-DC3CD967F6D7}.Release|Any CPU.ActiveCfg = Release|Any CPU
		{C2DD3EC6-DD6D-4A49-AEF0-DC3CD967F6D7}.Release|Any CPU.Build.0 = Release|Any CPU
		{9A7B4D09-DE4A-4E14-B611-1924DD5F8DB7}.Debug|Any CPU.ActiveCfg = Debug|Any CPU
		{9A7B4D09-DE4A-4E14-B611-1924DD5F8DB7}.Debug|Any CPU.Build.0 = Debug|Any CPU
		{9A7B4D09-DE4A-4E14-B611-1924DD5F8DB7}.Release|Any CPU.ActiveCfg = Release|Any CPU
		{9A7B4D09-DE4A-4E14-B611-1924DD5F8DB7}.Release|Any CPU.Build.0 = Release|Any CPU
		{DB78353E-0C14-4585-92F2-F07A1047C5A3}.Debug|Any CPU.ActiveCfg = Debug|Any CPU
		{DB78353E-0C14-4585-92F2-F07A1047C5A3}.Debug|Any CPU.Build.0 = Debug|Any CPU
		{DB78353E-0C14-4585-92F2-F07A1047C5A3}.Release|Any CPU.ActiveCfg = Release|Any CPU
		{DB78353E-0C14-4585-92F2-F07A1047C5A3}.Release|Any CPU.Build.0 = Release|Any CPU
		{23D280DC-A81C-4CE9-9B37-F94C7C366E55}.Debug|Any CPU.ActiveCfg = Debug|Any CPU
		{23D280DC-A81C-4CE9-9B37-F94C7C366E55}.Debug|Any CPU.Build.0 = Debug|Any CPU
		{23D280DC-A81C-4CE9-9B37-F94C7C366E55}.Release|Any CPU.ActiveCfg = Release|Any CPU
		{23D280DC-A81C-4CE9-9B37-F94C7C366E55}.Release|Any CPU.Build.0 = Release|Any CPU
		{0DB5201D-9F30-43B1-8B6F-B10220769E61}.Debug|Any CPU.ActiveCfg = Debug|Any CPU
		{0DB5201D-9F30-43B1-8B6F-B10220769E61}.Debug|Any CPU.Build.0 = Debug|Any CPU
		{0DB5201D-9F30-43B1-8B6F-B10220769E61}.Release|Any CPU.ActiveCfg = Release|Any CPU
		{0DB5201D-9F30-43B1-8B6F-B10220769E61}.Release|Any CPU.Build.0 = Release|Any CPU
		{360C1BB3-0C22-4EF1-8234-B6C8D784396C}.Debug|Any CPU.ActiveCfg = Debug|Any CPU
		{360C1BB3-0C22-4EF1-8234-B6C8D784396C}.Debug|Any CPU.Build.0 = Debug|Any CPU
		{360C1BB3-0C22-4EF1-8234-B6C8D784396C}.Release|Any CPU.ActiveCfg = Release|Any CPU
		{360C1BB3-0C22-4EF1-8234-B6C8D784396C}.Release|Any CPU.Build.0 = Release|Any CPU
	EndGlobalSection
	GlobalSection(SolutionProperties) = preSolution
		HideSolutionNode = FALSE
	EndGlobalSection
EndGlobal
